PODS:
  - RxCocoa (4.3.0):
    - RxSwift (~> 4.0)
  - RxDocumentPicker (0.1.2):
    - RxCocoa (~> 4.3.0)
    - RxSwift (~> 4.3.0)
  - RxSwift (4.3.0)
  - SwiftLint (0.27.0)

DEPENDENCIES:
  - RxDocumentPicker (from `../`)
  - SwiftLint

SPEC REPOS:
  https://github.com/cocoapods/specs.git:
    - RxCocoa
    - RxSwift
    - SwiftLint

EXTERNAL SOURCES:
  RxDocumentPicker:
    :path: "../"

SPEC CHECKSUMS:
  RxCocoa: 71b9cce833fbcb89a8eec11816dd225830c2bd3c
  RxDocumentPicker: 601a83e08ea9a3e8d6d177c38c0d7b6c96e14900
  RxSwift: a9717a34df3179fe63563f76e046ad345078dd3a
  SwiftLint: 3207c1faa2240bf8973b191820a116113cd11073

PODFILE CHECKSUM: d148e15a7a3dfc2f26b0f980dcb8f182b8a5bc6a

COCOAPODS: 1.5.3
